
Microsoft Visual Studio Solution File, Format Version 12.00
# Visual Studio Version 17
VisualStudioVersion = 17.0.31903.59
MinimumVisualStudioVersion = 10.0.40219.1
Project("{FAE04EC0-301F-11D3-BF4B-00C04F79EFBC}") = "AOCRunner", "AOCRunner\AOCRunner.csproj", "{7C376D3B-0776-4424-BCAF-1CC49B252774}"
EndProject
Project("{FAE04EC0-301F-11D3-BF4B-00C04F79EFBC}") = "AOCsharp", "AOCsharp\AOCsharp.csproj", "{DEACF049-A290-4317-805A-30BE53925B1C}"
EndProject
Project("{FAE04EC0-301F-11D3-BF4B-00C04F79EFBC}") = "AOCSolutions", "AOCSolutions\AOCSolutions.csproj", "{83DF1307-0C04-41A2-8340-BF70BFB27F22}"
EndProject
Project("{F2A71F9B-5D33-465A-A702-920D77279786}") = "AOCfsharp", "AOCfsharp\AOCfsharp.fsproj", "{1C8C1D80-A124-4ECD-AFDE-0ED025D3A84D}"
EndProject
Global
	GlobalSection(SolutionConfigurationPlatforms) = preSolution
		Debug|Any CPU = Debug|Any CPU
		Release|Any CPU = Release|Any CPU
	EndGlobalSection
	GlobalSection(ProjectConfigurationPlatforms) = postSolution
		{7C376D3B-0776-4424-BCAF-1CC49B252774}.Debug|Any CPU.ActiveCfg = Debug|Any CPU
		{7C376D3B-0776-4424-BCAF-1CC49B252774}.Debug|Any CPU.Build.0 = Debug|Any CPU
		{7C376D3B-0776-4424-BCAF-1CC49B252774}.Release|Any CPU.ActiveCfg = Release|Any CPU
		{7C376D3B-0776-4424-BCAF-1CC49B252774}.Release|Any CPU.Build.0 = Release|Any CPU
		{DEACF049-A290-4317-805A-30BE53925B1C}.Debug|Any CPU.ActiveCfg = Debug|Any CPU
		{DEACF049-A290-4317-805A-30BE53925B1C}.Debug|Any CPU.Build.0 = Debug|Any CPU
		{DEACF049-A290-4317-805A-30BE53925B1C}.Release|Any CPU.ActiveCfg = Release|Any CPU
		{DEACF049-A290-4317-805A-30BE53925B1C}.Release|Any CPU.Build.0 = Release|Any CPU
		{83DF1307-0C04-41A2-8340-BF70BFB27F22}.Debug|Any CPU.ActiveCfg = Debug|Any CPU
		{83DF1307-0C04-41A2-8340-BF70BFB27F22}.Debug|Any CPU.Build.0 = Debug|Any CPU
		{83DF1307-0C04-41A2-8340-BF70BFB27F22}.Release|Any CPU.ActiveCfg = Release|Any CPU
		{83DF1307-0C04-41A2-8340-BF70BFB27F22}.Release|Any CPU.Build.0 = Release|Any CPU
		{1C8C1D80-A124-4ECD-AFDE-0ED025D3A84D}.Debug|Any CPU.ActiveCfg = Debug|Any CPU
		{1C8C1D80-A124-4ECD-AFDE-0ED025D3A84D}.Debug|Any CPU.Build.0 = Debug|Any CPU
		{1C8C1D80-A124-4ECD-AFDE-0ED025D3A84D}.Release|Any CPU.ActiveCfg = Release|Any CPU
		{1C8C1D80-A124-4ECD-AFDE-0ED025D3A84D}.Release|Any CPU.Build.0 = Release|Any CPU
	EndGlobalSection
	GlobalSection(SolutionProperties) = preSolution
		HideSolutionNode = FALSE
	EndGlobalSection
EndGlobal
